# This file is automatically @generated by Cargo.
# It is not intended for manual editing.
version = 3

[[package]]
name = "init"
version = "0.1.0"
dependencies = [
 "ipc",
 "klib",
 "syscall",
]

[[package]]
name = "ipc"
version = "0.1.0"
dependencies = [
 "klib",
 "syscall",
]

[[package]]
name = "klib"
version = "0.1.0"

[[package]]
name = "malloc"
version = "0.1.0"
dependencies = [
 "ipc",
 "klib",
 "syscall",
]

[[package]]
name = "memintrinsics"
version = "0.1.0"

[[package]]
name = "resea-rust"
version = "0.1.0"
dependencies = [
 "klib",
]

[[package]]
name = "syscall"
version = "0.1.0"
dependencies = [
 "klib",
]
